# This file is autogenerated, do not edit; changes may be undone by the next 'dep ensure'.


[[projects]]
  name = "github.com/cenkalti/backoff"
  packages = ["."]
  revision = "2ea60e5f094469f9e65adb9cd103795b73ae743e"
  version = "v2.0.0"

[[projects]]
  name = "github.com/coreos/pkg"
  packages = ["flagutil"]
  revision = "97fdf19511ea361ae1c100dd393cc47f8dcfa1e1"
  version = "v4"

[[projects]]
  branch = "master"
  name = "github.com/dghubble/go-twitter"
  packages = ["twitter"]
  revision = "093ee2cf4e32ef608cded0ace84d5d82a52da4fa"

[[projects]]
  name = "github.com/dghubble/oauth1"
  packages = [
    ".",
    "twitter"
  ]
  revision = "70562a5920ad9b6ff03ef697c0f90ae569abbd2b"
  version = "v0.4.0"

[[projects]]
  name = "github.com/dghubble/sling"
  packages = ["."]
  revision = "eb56e89ac5088bebb12eef3cb4b293300f43608b"
  version = "v1.1.0"

[[projects]]
  name = "github.com/gigovich/simpagin"
  packages = ["."]
  revision = "077caaf3628a38fc470a142ee9d1b1cc1e40418e"
  version = "0.1.1"

[[projects]]
  branch = "master"
  name = "github.com/gin-contrib/sessions"
  packages = [
    ".",
    "cookie",
    "memstore"
  ]
  revision = "15760a03818fe16125cd735433b57a7398335b13"

[[projects]]
  branch = "master"
  name = "github.com/gin-contrib/sse"
  packages = ["."]
  revision = "22d885f9ecc78bf4ee5d72b937e4bbcdc58e8cae"

[[projects]]
  branch = "master"
  name = "github.com/gin-contrib/static"
  packages = ["."]
  revision = "73da7037e716e63aa2b0ffceb630dfa7be299086"

[[projects]]
  name = "github.com/gin-gonic/gin"
  packages = [
    ".",
    "binding",
    "render"
  ]
  revision = "d459835d2b077e44f7c9b453505ee29881d5d12d"
  version = "v1.2"

[[projects]]
  name = "github.com/go-sql-driver/mysql"
  packages = ["."]
  revision = "a0583e0143b1624142adab07e0e97fe106d99561"
  version = "v1.3"

[[projects]]
  name = "github.com/golang/protobuf"
  packages = ["proto"]
  revision = "b4deda0973fb4c70b50d226b1af49f3da59f5265"
  version = "v1.1.0"

[[projects]]
  branch = "master"
  name = "github.com/google/go-querystring"
  packages = ["query"]
  revision = "53e6ce116135b80d037921a7fdd5138cf32d7a8a"

[[projects]]
  name = "github.com/gorilla/context"
  packages = ["."]
  revision = "08b5f424b9271eedf6f9f0ce86cb9396ed337a42"
  version = "v1.1.1"

[[projects]]
  name = "github.com/gorilla/securecookie"
  packages = ["."]
  revision = "e59506cc896acb7f7bf732d4fdf5e25f7ccd8983"
  version = "v1.1.1"

[[projects]]
  name = "github.com/gorilla/sessions"
  packages = ["."]
  revision = "ca9ada44574153444b00d3fd9c8559e4cc95f896"
  version = "v1.1"

[[projects]]
  name = "github.com/jinzhu/gorm"
  packages = [
    ".",
    "dialects/mysql"
  ]
  revision = "6ed508ec6a4ecb3531899a69cbc746ccf65a4166"
  version = "v1.9.1"

[[projects]]
  branch = "master"
  name = "github.com/jinzhu/inflection"
  packages = ["."]
  revision = "04140366298a54a039076d798123ffa108fff46c"

[[projects]]
  name = "github.com/mattn/go-isatty"
  packages = ["."]
  revision = "0360b2af4f38e8d38c7fce2a9f4e702702d73a39"
  version = "v0.0.3"

[[projects]]
  branch = "master"
  name = "github.com/quasoft/memstore"
  packages = ["."]
  revision = "72cbde23778087efc0d9af366d6f08ceacbf4705"

[[projects]]
  name = "github.com/ugorji/go"
  packages = ["codec"]
  revision = "b4c50a2b199d93b13dc15e78929cfb23bfdf21ab"
  version = "v1.1.1"

[[projects]]
  branch = "master"
  name = "golang.org/x/net"
  packages = ["context"]
  revision = "dfa909b99c79129e1100513e5cd36307665e5723"

[[projects]]
  branch = "master"
  name = "golang.org/x/sys"
  packages = ["unix"]
  revision = "7c87d13f8e835d2fb3a70a2912c811ed0c1d241b"

[[projects]]
  name = "gopkg.in/go-playground/validator.v8"
  packages = ["."]
  revision = "5f1438d3fca68893a817e4a66806cea46a9e4ebf"
  version = "v8.18.2"

[[projects]]
  name = "gopkg.in/yaml.v2"
  packages = ["."]
  revision = "5420a8b6744d3b0345ab293f6fcba19c978f1183"
  version = "v2.2.1"

[solve-meta]
  analyzer-name = "dep"
  analyzer-version = 1
  inputs-digest = "283528ebc6e0f41fe7a32d1267e2deee603b1926fedf1f672a49d3435ba21e2d"
  solver-name = "gps-cdcl"
  solver-version = 1
